
Microsoft Visual Studio Solution File, Format Version 12.00
# Visual Studio Version 16
VisualStudioVersion = 16.0.29519.87
MinimumVisualStudioVersion = 10.0.40219.1
Project("{8BC9CEB8-8B4A-11D0-8D11-00A0C91BC942}") = "cirkel", "cirkel.vcxproj", "{E905B2D8-5F9F-4642-AE2E-88CCBE9B76DD}"
EndProject
Global
	GlobalSection(SolutionConfigurationPlatforms) = preSolution
		Debug-30|x64 = Debug-30|x64
		Debug-30|x86 = Debug-30|x86
		Debug-31|x64 = Debug-31|x64
		Debug-31|x86 = Debug-31|x86
		Debug-32|x64 = Debug-32|x64
		Debug-32|x86 = Debug-32|x86
		Debug-33|x64 = Debug-33|x64
		Debug-33|x86 = Debug-33|x86
		Debug-34|x64 = Debug-34|x64
		Debug-34|x86 = Debug-34|x86
		Debug-35|x64 = Debug-35|x64
		Debug-35|x86 = Debug-35|x86
		Debug-36|x64 = Debug-36|x64
		Debug-36|x86 = Debug-36|x86
		Debug-37|x64 = Debug-37|x64
		Debug-37|x86 = Debug-37|x86
		Debug-38|x64 = Debug-38|x64
		Debug-38|x86 = Debug-38|x86
		Debug-39|x64 = Debug-39|x64
		Debug-39|x86 = Debug-39|x86
		Release-30|x64 = Release-30|x64
		Release-30|x86 = Release-30|x86
		Release-31|x64 = Release-31|x64
		Release-31|x86 = Release-31|x86
		Release-32|x64 = Release-32|x64
		Release-32|x86 = Release-32|x86
		Release-33|x64 = Release-33|x64
		Release-33|x86 = Release-33|x86
		Release-34|x64 = Release-34|x64
		Release-34|x86 = Release-34|x86
		Release-35|x64 = Release-35|x64
		Release-35|x86 = Release-35|x86
		Release-36|x64 = Release-36|x64
		Release-36|x86 = Release-36|x86
		Release-37|x64 = Release-37|x64
		Release-37|x86 = Release-37|x86
		Release-38|x64 = Release-38|x64
		Release-38|x86 = Release-38|x86
		Release-39|x64 = Release-39|x64
		Release-39|x86 = Release-39|x86
	EndGlobalSection
	GlobalSection(ProjectConfigurationPlatforms) = postSolution
		{E905B2D8-5F9F-4642-AE2E-88CCBE9B76DD}.Debug-30|x64.ActiveCfg = Debug-30|x64
		{E905B2D8-5F9F-4642-AE2E-88CCBE9B76DD}.Debug-30|x64.Build.0 = Debug-30|x64
		{E905B2D8-5F9F-4642-AE2E-88CCBE9B76DD}.Debug-30|x86.ActiveCfg = Debug-30|Win32
		{E905B2D8-5F9F-4642-AE2E-88CCBE9B76DD}.Debug-30|x86.Build.0 = Debug-30|Win32
		{E905B2D8-5F9F-4642-AE2E-88CCBE9B76DD}.Debug-31|x64.ActiveCfg = Debug-31|x64
		{E905B2D8-5F9F-4642-AE2E-88CCBE9B76DD}.Debug-31|x64.Build.0 = Debug-31|x64
		{E905B2D8-5F9F-4642-AE2E-88CCBE9B76DD}.Debug-31|x86.ActiveCfg = Debug-31|Win32
		{E905B2D8-5F9F-4642-AE2E-88CCBE9B76DD}.Debug-31|x86.Build.0 = Debug-31|Win32
		{E905B2D8-5F9F-4642-AE2E-88CCBE9B76DD}.Debug-32|x64.ActiveCfg = Debug-32|x64
		{E905B2D8-5F9F-4642-AE2E-88CCBE9B76DD}.Debug-32|x64.Build.0 = Debug-32|x64
		{E905B2D8-5F9F-4642-AE2E-88CCBE9B76DD}.Debug-32|x86.ActiveCfg = Debug-32|Win32
		{E905B2D8-5F9F-4642-AE2E-88CCBE9B76DD}.Debug-32|x86.Build.0 = Debug-32|Win32
		{E905B2D8-5F9F-4642-AE2E-88CCBE9B76DD}.Debug-33|x64.ActiveCfg = Debug-33|x64
		{E905B2D8-5F9F-4642-AE2E-88CCBE9B76DD}.Debug-33|x64.Build.0 = Debug-33|x64
		{E905B2D8-5F9F-4642-AE2E-88CCBE9B76DD}.Debug-33|x86.ActiveCfg = Debug-33|Win32
		{E905B2D8-5F9F-4642-AE2E-88CCBE9B76DD}.Debug-33|x86.Build.0 = Debug-33|Win32
		{E905B2D8-5F9F-4642-AE2E-88CCBE9B76DD}.Debug-34|x64.ActiveCfg = Debug-34|x64
		{E905B2D8-5F9F-4642-AE2E-88CCBE9B76DD}.Debug-34|x64.Build.0 = Debug-34|x64
		{E905B2D8-5F9F-4642-AE2E-88CCBE9B76DD}.Debug-34|x86.ActiveCfg = Debug-34|Win32
		{E905B2D8-5F9F-4642-AE2E-88CCBE9B76DD}.Debug-34|x86.Build.0 = Debug-34|Win32
		{E905B2D8-5F9F-4642-AE2E-88CCBE9B76DD}.Debug-35|x64.ActiveCfg = Debug-35|x64
		{E905B2D8-5F9F-4642-AE2E-88CCBE9B76DD}.Debug-35|x64.Build.0 = Debug-35|x64
		{E905B2D8-5F9F-4642-AE2E-88CCBE9B76DD}.Debug-35|x86.ActiveCfg = Debug-35|Win32
		{E905B2D8-5F9F-4642-AE2E-88CCBE9B76DD}.Debug-35|x86.Build.0 = Debug-35|Win32
		{E905B2D8-5F9F-4642-AE2E-88CCBE9B76DD}.Debug-36|x64.ActiveCfg = Debug-36|x64
		{E905B2D8-5F9F-4642-AE2E-88CCBE9B76DD}.Debug-36|x64.Build.0 = Debug-36|x64
		{E905B2D8-5F9F-4642-AE2E-88CCBE9B76DD}.Debug-36|x86.ActiveCfg = Debug-36|Win32
		{E905B2D8-5F9F-4642-AE2E-88CCBE9B76DD}.Debug-36|x86.Build.0 = Debug-36|Win32
		{E905B2D8-5F9F-4642-AE2E-88CCBE9B76DD}.Debug-37|x64.ActiveCfg = Debug-37|x64
		{E905B2D8-5F9F-4642-AE2E-88CCBE9B76DD}.Debug-37|x64.Build.0 = Debug-37|x64
		{E905B2D8-5F9F-4642-AE2E-88CCBE9B76DD}.Debug-37|x86.ActiveCfg = Debug-37|Win32
		{E905B2D8-5F9F-4642-AE2E-88CCBE9B76DD}.Debug-37|x86.Build.0 = Debug-37|Win32
		{E905B2D8-5F9F-4642-AE2E-88CCBE9B76DD}.Debug-38|x64.ActiveCfg = Debug-38|x64
		{E905B2D8-5F9F-4642-AE2E-88CCBE9B76DD}.Debug-38|x64.Build.0 = Debug-38|x64
		{E905B2D8-5F9F-4642-AE2E-88CCBE9B76DD}.Debug-38|x86.ActiveCfg = Debug-38|Win32
		{E905B2D8-5F9F-4642-AE2E-88CCBE9B76DD}.Debug-38|x86.Build.0 = Debug-38|Win32
		{E905B2D8-5F9F-4642-AE2E-88CCBE9B76DD}.Debug-39|x64.ActiveCfg = Debug-39|x64
		{E905B2D8-5F9F-4642-AE2E-88CCBE9B76DD}.Debug-39|x64.Build.0 = Debug-39|x64
		{E905B2D8-5F9F-4642-AE2E-88CCBE9B76DD}.Debug-39|x86.ActiveCfg = Debug-39|Win32
		{E905B2D8-5F9F-4642-AE2E-88CCBE9B76DD}.Debug-39|x86.Build.0 = Debug-39|Win32
		{E905B2D8-5F9F-4642-AE2E-88CCBE9B76DD}.Release-30|x64.ActiveCfg = Release-30|x64
		{E905B2D8-5F9F-4642-AE2E-88CCBE9B76DD}.Release-30|x64.Build.0 = Release-30|x64
		{E905B2D8-5F9F-4642-AE2E-88CCBE9B76DD}.Release-30|x86.ActiveCfg = Release-30|Win32
		{E905B2D8-5F9F-4642-AE2E-88CCBE9B76DD}.Release-30|x86.Build.0 = Release-30|Win32
		{E905B2D8-5F9F-4642-AE2E-88CCBE9B76DD}.Release-31|x64.ActiveCfg = Release-31|x64
		{E905B2D8-5F9F-4642-AE2E-88CCBE9B76DD}.Release-31|x64.Build.0 = Release-31|x64
		{E905B2D8-5F9F-4642-AE2E-88CCBE9B76DD}.Release-31|x86.ActiveCfg = Release-31|Win32
		{E905B2D8-5F9F-4642-AE2E-88CCBE9B76DD}.Release-31|x86.Build.0 = Release-31|Win32
		{E905B2D8-5F9F-4642-AE2E-88CCBE9B76DD}.Release-32|x64.ActiveCfg = Release-32|x64
		{E905B2D8-5F9F-4642-AE2E-88CCBE9B76DD}.Release-32|x64.Build.0 = Release-32|x64
		{E905B2D8-5F9F-4642-AE2E-88CCBE9B76DD}.Release-32|x86.ActiveCfg = Release-32|Win32
		{E905B2D8-5F9F-4642-AE2E-88CCBE9B76DD}.Release-32|x86.Build.0 = Release-32|Win32
		{E905B2D8-5F9F-4642-AE2E-88CCBE9B76DD}.Release-33|x64.ActiveCfg = Release-33|x64
		{E905B2D8-5F9F-4642-AE2E-88CCBE9B76DD}.Release-33|x64.Build.0 = Release-33|x64
		{E905B2D8-5F9F-4642-AE2E-88CCBE9B76DD}.Release-33|x86.ActiveCfg = Release-33|Win32
		{E905B2D8-5F9F-4642-AE2E-88CCBE9B76DD}.Release-33|x86.Build.0 = Release-33|Win32
		{E905B2D8-5F9F-4642-AE2E-88CCBE9B76DD}.Release-34|x64.ActiveCfg = Release-34|x64
		{E905B2D8-5F9F-4642-AE2E-88CCBE9B76DD}.Release-34|x64.Build.0 = Release-34|x64
		{E905B2D8-5F9F-4642-AE2E-88CCBE9B76DD}.Release-34|x86.ActiveCfg = Release-34|Win32
		{E905B2D8-5F9F-4642-AE2E-88CCBE9B76DD}.Release-34|x86.Build.0 = Release-34|Win32
		{E905B2D8-5F9F-4642-AE2E-88CCBE9B76DD}.Release-35|x64.ActiveCfg = Release-35|x64
		{E905B2D8-5F9F-4642-AE2E-88CCBE9B76DD}.Release-35|x64.Build.0 = Release-35|x64
		{E905B2D8-5F9F-4642-AE2E-88CCBE9B76DD}.Release-35|x86.ActiveCfg = Release-35|Win32
		{E905B2D8-5F9F-4642-AE2E-88CCBE9B76DD}.Release-35|x86.Build.0 = Release-35|Win32
		{E905B2D8-5F9F-4642-AE2E-88CCBE9B76DD}.Release-36|x64.ActiveCfg = Release-36|x64
		{E905B2D8-5F9F-4642-AE2E-88CCBE9B76DD}.Release-36|x64.Build.0 = Release-36|x64
		{E905B2D8-5F9F-4642-AE2E-88CCBE9B76DD}.Release-36|x86.ActiveCfg = Release-36|Win32
		{E905B2D8-5F9F-4642-AE2E-88CCBE9B76DD}.Release-36|x86.Build.0 = Release-36|Win32
		{E905B2D8-5F9F-4642-AE2E-88CCBE9B76DD}.Release-37|x64.ActiveCfg = Release-37|x64
		{E905B2D8-5F9F-4642-AE2E-88CCBE9B76DD}.Release-37|x64.Build.0 = Release-37|x64
		{E905B2D8-5F9F-4642-AE2E-88CCBE9B76DD}.Release-37|x86.ActiveCfg = Release-37|Win32
		{E905B2D8-5F9F-4642-AE2E-88CCBE9B76DD}.Release-37|x86.Build.0 = Release-37|Win32
		{E905B2D8-5F9F-4642-AE2E-88CCBE9B76DD}.Release-38|x64.ActiveCfg = Release-38|x64
		{E905B2D8-5F9F-4642-AE2E-88CCBE9B76DD}.Release-38|x64.Build.0 = Release-38|x64
		{E905B2D8-5F9F-4642-AE2E-88CCBE9B76DD}.Release-38|x86.ActiveCfg = Release-38|Win32
		{E905B2D8-5F9F-4642-AE2E-88CCBE9B76DD}.Release-38|x86.Build.0 = Release-38|Win32
		{E905B2D8-5F9F-4642-AE2E-88CCBE9B76DD}.Release-39|x64.ActiveCfg = Release-39|x64
		{E905B2D8-5F9F-4642-AE2E-88CCBE9B76DD}.Release-39|x64.Build.0 = Release-39|x64
		{E905B2D8-5F9F-4642-AE2E-88CCBE9B76DD}.Release-39|x86.ActiveCfg = Release-39|Win32
		{E905B2D8-5F9F-4642-AE2E-88CCBE9B76DD}.Release-39|x86.Build.0 = Release-39|Win32
	EndGlobalSection
	GlobalSection(SolutionProperties) = preSolution
		HideSolutionNode = FALSE
	EndGlobalSection
	GlobalSection(ExtensibilityGlobals) = postSolution
		SolutionGuid = {230602A3-3F21-47EC-A9AC-4B92CCC3C306}
	EndGlobalSection
EndGlobal
